
Microsoft Visual Studio Solution File, Format Version 12.00
# Visual Studio Version 17
VisualStudioVersion = 17.0.31919.166
MinimumVisualStudioVersion = 10.0.40219.1
Project("{FAE04EC0-301F-11D3-BF4B-00C04F79EFBC}") = "aws-excel-definitions-creator", "aws-excel-definitions-creator\aws-excel-definitions-creator.csproj", "{554625E9-F5BE-4559-BD7A-36200CEB865D}"
EndProject
Global
	GlobalSection(SolutionConfigurationPlatforms) = preSolution
		Debug|Any CPU = Debug|Any CPU
		Release|Any CPU = Release|Any CPU
	EndGlobalSection
	GlobalSection(ProjectConfigurationPlatforms) = postSolution
		{554625E9-F5BE-4559-BD7A-36200CEB865D}.Debug|Any CPU.ActiveCfg = Debug|Any CPU
		{554625E9-F5BE-4559-BD7A-36200CEB865D}.Debug|Any CPU.Build.0 = Debug|Any CPU
		{554625E9-F5BE-4559-BD7A-36200CEB865D}.Release|Any CPU.ActiveCfg = Release|Any CPU
		{554625E9-F5BE-4559-BD7A-36200CEB865D}.Release|Any CPU.Build.0 = Release|Any CPU
	EndGlobalSection
	GlobalSection(SolutionProperties) = preSolution
		HideSolutionNode = FALSE
	EndGlobalSection
	GlobalSection(ExtensibilityGlobals) = postSolution
		SolutionGuid = {5B819E42-E75A-49BA-8D93-54E014D05D2C}
	EndGlobalSection
EndGlobal
